// !$*UTF8*$!
{
	archiveVersion = 1;
	classes = {
	};
	objectVersion = 56;
	objects = {

/* Begin PBXBuildFile section */
		0E05641F29CE46EE00791430 /* AppDelegate.swift in Sources */ = {isa = PBXBuildFile; fileRef = 0E05641E29CE46EE00791430 /* AppDelegate.swift */; };
		0E05642129CE46EE00791430 /* SceneDelegate.swift in Sources */ = {isa = PBXBuildFile; fileRef = 0E05642029CE46EE00791430 /* SceneDelegate.swift */; };
		0E05642329CE46EE00791430 /* SearchViewController.swift in Sources */ = {isa = PBXBuildFile; fileRef = 0E05642229CE46EE00791430 /* SearchViewController.swift */; };
		0E05642629CE46EE00791430 /* Main.storyboard in Resources */ = {isa = PBXBuildFile; fileRef = 0E05642429CE46EE00791430 /* Main.storyboard */; };
		0E05642829CE46EF00791430 /* Assets.xcassets in Resources */ = {isa = PBXBuildFile; fileRef = 0E05642729CE46EF00791430 /* Assets.xcassets */; };
		0E05642B29CE46EF00791430 /* LaunchScreen.storyboard in Resources */ = {isa = PBXBuildFile; fileRef = 0E05642929CE46EF00791430 /* LaunchScreen.storyboard */; };
		0E18B6EF29CFA1E40003CEDE /* DataContainer.swift in Sources */ = {isa = PBXBuildFile; fileRef = 0E18B6EE29CFA1E40003CEDE /* DataContainer.swift */; };
		0E18B6F129CFA3B00003CEDE /* SearchViewModel.swift in Sources */ = {isa = PBXBuildFile; fileRef = 0E18B6F029CFA3B00003CEDE /* SearchViewModel.swift */; };
		0E18B6F329CFAA0F0003CEDE /* RecentSearchTableViewCell.swift in Sources */ = {isa = PBXBuildFile; fileRef = 0E18B6F229CFAA0F0003CEDE /* RecentSearchTableViewCell.swift */; };
		0E18B6F529CFB9B00003CEDE /* URL+Extension.swift in Sources */ = {isa = PBXBuildFile; fileRef = 0E18B6F429CFB9B00003CEDE /* URL+Extension.swift */; };
		0E18B6F729CFB9E10003CEDE /* Data+Extension.swift in Sources */ = {isa = PBXBuildFile; fileRef = 0E18B6F629CFB9E10003CEDE /* Data+Extension.swift */; };
		0E18B6FA29CFBA320003CEDE /* NetworkService.swift in Sources */ = {isa = PBXBuildFile; fileRef = 0E18B6F929CFBA320003CEDE /* NetworkService.swift */; };
		0E18B6FC29CFBCC20003CEDE /* DetailViewModel.swift in Sources */ = {isa = PBXBuildFile; fileRef = 0E18B6FB29CFBCC20003CEDE /* DetailViewModel.swift */; };
		0E18B6FE29CFBD8D0003CEDE /* SynonymModel.swift in Sources */ = {isa = PBXBuildFile; fileRef = 0E18B6FD29CFBD8D0003CEDE /* SynonymModel.swift */; };
		0E18B70029CFBDA00003CEDE /* DetailModel.swift in Sources */ = {isa = PBXBuildFile; fileRef = 0E18B6FF29CFBDA00003CEDE /* DetailModel.swift */; };
		0E18B70329D000540003CEDE /* SynonymCollectionViewCell.swift in Sources */ = {isa = PBXBuildFile; fileRef = 0E18B70129D000540003CEDE /* SynonymCollectionViewCell.swift */; };
		0E18B70429D000540003CEDE /* SynonymCollectionViewCell.xib in Resources */ = {isa = PBXBuildFile; fileRef = 0E18B70229D000540003CEDE /* SynonymCollectionViewCell.xib */; };
		0E18B70629D04A1D0003CEDE /* UICollectionView+Extension.swift in Sources */ = {isa = PBXBuildFile; fileRef = 0E18B70529D04A1D0003CEDE /* UICollectionView+Extension.swift */; };
		0E18B70829D04A4E0003CEDE /* UITableView+Extension.swift in Sources */ = {isa = PBXBuildFile; fileRef = 0E18B70729D04A4E0003CEDE /* UITableView+Extension.swift */; };
		0EE4805929CF0E9E00C3E68C /* DetailViewController.swift in Sources */ = {isa = PBXBuildFile; fileRef = 0EE4805829CF0E9E00C3E68C /* DetailViewController.swift */; };
		0EE4805E29CF36C700C3E68C /* DetailTableViewCell.swift in Sources */ = {isa = PBXBuildFile; fileRef = 0EE4805C29CF36C700C3E68C /* DetailTableViewCell.swift */; };
		0EE4805F29CF36C700C3E68C /* DetailTableViewCell.xib in Resources */ = {isa = PBXBuildFile; fileRef = 0EE4805D29CF36C700C3E68C /* DetailTableViewCell.xib */; };
		0EE4806829CF54CF00C3E68C /* SynonymTableViewCell.swift in Sources */ = {isa = PBXBuildFile; fileRef = 0EE4806629CF54CF00C3E68C /* SynonymTableViewCell.swift */; };
		0EE4806929CF54CF00C3E68C /* SynonymTableViewCell.xib in Resources */ = {isa = PBXBuildFile; fileRef = 0EE4806729CF54CF00C3E68C /* SynonymTableViewCell.xib */; };
		0EE4807129CF89D500C3E68C /* Constant.swift in Sources */ = {isa = PBXBuildFile; fileRef = 0EE4807029CF89D500C3E68C /* Constant.swift */; };
		0EE4807429CF8C3B00C3E68C /* UIColor+Extension.swift in Sources */ = {isa = PBXBuildFile; fileRef = 0EE4807329CF8C3B00C3E68C /* UIColor+Extension.swift */; };
/* End PBXBuildFile section */

/* Begin PBXFileReference section */
		0E05641B29CE46EE00791430 /* Dictionary.app */ = {isa = PBXFileReference; explicitFileType = wrapper.application; includeInIndex = 0; path = Dictionary.app; sourceTree = BUILT_PRODUCTS_DIR; };
		0E05641E29CE46EE00791430 /* AppDelegate.swift */ = {isa = PBXFileReference; lastKnownFileType = sourcecode.swift; path = AppDelegate.swift; sourceTree = "<group>"; };
		0E05642029CE46EE00791430 /* SceneDelegate.swift */ = {isa = PBXFileReference; lastKnownFileType = sourcecode.swift; path = SceneDelegate.swift; sourceTree = "<group>"; };
		0E05642229CE46EE00791430 /* SearchViewController.swift */ = {isa = PBXFileReference; lastKnownFileType = sourcecode.swift; path = SearchViewController.swift; sourceTree = "<group>"; };
		0E05642529CE46EE00791430 /* Base */ = {isa = PBXFileReference; lastKnownFileType = file.storyboard; name = Base; path = Base.lproj/Main.storyboard; sourceTree = "<group>"; };
		0E05642729CE46EF00791430 /* Assets.xcassets */ = {isa = PBXFileReference; lastKnownFileType = folder.assetcatalog; path = Assets.xcassets; sourceTree = "<group>"; };
		0E05642A29CE46EF00791430 /* Base */ = {isa = PBXFileReference; lastKnownFileType = file.storyboard; name = Base; path = Base.lproj/LaunchScreen.storyboard; sourceTree = "<group>"; };
		0E05642C29CE46EF00791430 /* Info.plist */ = {isa = PBXFileReference; lastKnownFileType = text.plist.xml; path = Info.plist; sourceTree = "<group>"; };
		0E18B6EE29CFA1E40003CEDE /* DataContainer.swift */ = {isa = PBXFileReference; lastKnownFileType = sourcecode.swift; path = DataContainer.swift; sourceTree = "<group>"; };
		0E18B6F029CFA3B00003CEDE /* SearchViewModel.swift */ = {isa = PBXFileReference; lastKnownFileType = sourcecode.swift; path = SearchViewModel.swift; sourceTree = "<group>"; };
		0E18B6F229CFAA0F0003CEDE /* RecentSearchTableViewCell.swift */ = {isa = PBXFileReference; lastKnownFileType = sourcecode.swift; path = RecentSearchTableViewCell.swift; sourceTree = "<group>"; };
		0E18B6F429CFB9B00003CEDE /* URL+Extension.swift */ = {isa = PBXFileReference; lastKnownFileType = sourcecode.swift; path = "URL+Extension.swift"; sourceTree = "<group>"; };
		0E18B6F629CFB9E10003CEDE /* Data+Extension.swift */ = {isa = PBXFileReference; lastKnownFileType = sourcecode.swift; path = "Data+Extension.swift"; sourceTree = "<group>"; };
		0E18B6F929CFBA320003CEDE /* NetworkService.swift */ = {isa = PBXFileReference; lastKnownFileType = sourcecode.swift; path = NetworkService.swift; sourceTree = "<group>"; };
		0E18B6FB29CFBCC20003CEDE /* DetailViewModel.swift */ = {isa = PBXFileReference; lastKnownFileType = sourcecode.swift; path = DetailViewModel.swift; sourceTree = "<group>"; };
		0E18B6FD29CFBD8D0003CEDE /* SynonymModel.swift */ = {isa = PBXFileReference; lastKnownFileType = sourcecode.swift; path = SynonymModel.swift; sourceTree = "<group>"; };
		0E18B6FF29CFBDA00003CEDE /* DetailModel.swift */ = {isa = PBXFileReference; lastKnownFileType = sourcecode.swift; path = DetailModel.swift; sourceTree = "<group>"; };
		0E18B70129D000540003CEDE /* SynonymCollectionViewCell.swift */ = {isa = PBXFileReference; lastKnownFileType = sourcecode.swift; path = SynonymCollectionViewCell.swift; sourceTree = "<group>"; };
		0E18B70229D000540003CEDE /* SynonymCollectionViewCell.xib */ = {isa = PBXFileReference; lastKnownFileType = file.xib; path = SynonymCollectionViewCell.xib; sourceTree = "<group>"; };
		0E18B70529D04A1D0003CEDE /* UICollectionView+Extension.swift */ = {isa = PBXFileReference; lastKnownFileType = sourcecode.swift; path = "UICollectionView+Extension.swift"; sourceTree = "<group>"; };
		0E18B70729D04A4E0003CEDE /* UITableView+Extension.swift */ = {isa = PBXFileReference; lastKnownFileType = sourcecode.swift; path = "UITableView+Extension.swift"; sourceTree = "<group>"; };
		0EE4805829CF0E9E00C3E68C /* DetailViewController.swift */ = {isa = PBXFileReference; lastKnownFileType = sourcecode.swift; path = DetailViewController.swift; sourceTree = "<group>"; };
		0EE4805C29CF36C700C3E68C /* DetailTableViewCell.swift */ = {isa = PBXFileReference; lastKnownFileType = sourcecode.swift; path = DetailTableViewCell.swift; sourceTree = "<group>"; };
		0EE4805D29CF36C700C3E68C /* DetailTableViewCell.xib */ = {isa = PBXFileReference; lastKnownFileType = file.xib; path = DetailTableViewCell.xib; sourceTree = "<group>"; };
		0EE4806629CF54CF00C3E68C /* SynonymTableViewCell.swift */ = {isa = PBXFileReference; lastKnownFileType = sourcecode.swift; path = SynonymTableViewCell.swift; sourceTree = "<group>"; };
		0EE4806729CF54CF00C3E68C /* SynonymTableViewCell.xib */ = {isa = PBXFileReference; lastKnownFileType = file.xib; path = SynonymTableViewCell.xib; sourceTree = "<group>"; };
		0EE4807029CF89D500C3E68C /* Constant.swift */ = {isa = PBXFileReference; lastKnownFileType = sourcecode.swift; path = Constant.swift; sourceTree = "<group>"; };
		0EE4807329CF8C3B00C3E68C /* UIColor+Extension.swift */ = {isa = PBXFileReference; lastKnownFileType = sourcecode.swift; path = "UIColor+Extension.swift"; sourceTree = "<group>"; };
/* End PBXFileReference section */

/* Begin PBXFrameworksBuildPhase section */
		0E05641829CE46EE00791430 /* Frameworks */ = {
			isa = PBXFrameworksBuildPhase;
			buildActionMask = 2147483647;
			files = (
			);
			runOnlyForDeploymentPostprocessing = 0;
		};
/* End PBXFrameworksBuildPhase section */

/* Begin PBXGroup section */
		0E05641229CE46EE00791430 = {
			isa = PBXGroup;
			children = (
				0E05641D29CE46EE00791430 /* Dictionary */,
				0E05641C29CE46EE00791430 /* Products */,
			);
			sourceTree = "<group>";
		};
		0E05641C29CE46EE00791430 /* Products */ = {
			isa = PBXGroup;
			children = (
				0E05641B29CE46EE00791430 /* Dictionary.app */,
			);
			name = Products;
			sourceTree = "<group>";
		};
		0E05641D29CE46EE00791430 /* Dictionary */ = {
			isa = PBXGroup;
			children = (
				0E05642C29CE46EF00791430 /* Info.plist */,
				0E05642729CE46EF00791430 /* Assets.xcassets */,
				0EE4806E29CF857900C3E68C /* App */,
				0EE4806C29CF854700C3E68C /* Model */,
				0EE4806B29CF853B00C3E68C /* View */,
				0EE4806A29CF852900C3E68C /* ViewModel */,
				0EE4807229CF8BEB00C3E68C /* Extension */,
				0E18B6F829CFBA150003CEDE /* Service */,
				0EE4806F29CF89A200C3E68C /* Helper */,
			);
			path = Dictionary;
			sourceTree = "<group>";
		};
		0E18B6F829CFBA150003CEDE /* Service */ = {
			isa = PBXGroup;
			children = (
				0E18B6F929CFBA320003CEDE /* NetworkService.swift */,
			);
			path = Service;
			sourceTree = "<group>";
		};
		0EE4806A29CF852900C3E68C /* ViewModel */ = {
			isa = PBXGroup;
			children = (
				0E18B6F029CFA3B00003CEDE /* SearchViewModel.swift */,
				0E18B6FB29CFBCC20003CEDE /* DetailViewModel.swift */,
			);
			path = ViewModel;
			sourceTree = "<group>";
		};
		0EE4806B29CF853B00C3E68C /* View */ = {
			isa = PBXGroup;
			children = (
				0E05642429CE46EE00791430 /* Main.storyboard */,
				0E05642229CE46EE00791430 /* SearchViewController.swift */,
				0EE4805829CF0E9E00C3E68C /* DetailViewController.swift */,
				0EE4806D29CF854C00C3E68C /* Cell */,
			);
			path = View;
			sourceTree = "<group>";
		};
		0EE4806C29CF854700C3E68C /* Model */ = {
			isa = PBXGroup;
			children = (
				0E18B6FD29CFBD8D0003CEDE /* SynonymModel.swift */,
				0E18B6FF29CFBDA00003CEDE /* DetailModel.swift */,
			);
			path = Model;
			sourceTree = "<group>";
		};
		0EE4806D29CF854C00C3E68C /* Cell */ = {
			isa = PBXGroup;
			children = (
				0EE4805C29CF36C700C3E68C /* DetailTableViewCell.swift */,
				0EE4805D29CF36C700C3E68C /* DetailTableViewCell.xib */,
				0EE4806629CF54CF00C3E68C /* SynonymTableViewCell.swift */,
				0EE4806729CF54CF00C3E68C /* SynonymTableViewCell.xib */,
				0E18B70129D000540003CEDE /* SynonymCollectionViewCell.swift */,
				0E18B70229D000540003CEDE /* SynonymCollectionViewCell.xib */,
				0E18B6F229CFAA0F0003CEDE /* RecentSearchTableViewCell.swift */,
			);
			path = Cell;
			sourceTree = "<group>";
		};
		0EE4806E29CF857900C3E68C /* App */ = {
			isa = PBXGroup;
			children = (
				0E05642929CE46EF00791430 /* LaunchScreen.storyboard */,
				0E05641E29CE46EE00791430 /* AppDelegate.swift */,
				0E05642029CE46EE00791430 /* SceneDelegate.swift */,
			);
			path = App;
			sourceTree = "<group>";
		};
		0EE4806F29CF89A200C3E68C /* Helper */ = {
			isa = PBXGroup;
			children = (
				0EE4807029CF89D500C3E68C /* Constant.swift */,
				0E18B6EE29CFA1E40003CEDE /* DataContainer.swift */,
			);
			path = Helper;
			sourceTree = "<group>";
		};
		0EE4807229CF8BEB00C3E68C /* Extension */ = {
			isa = PBXGroup;
			children = (
				0EE4807329CF8C3B00C3E68C /* UIColor+Extension.swift */,
				0E18B6F429CFB9B00003CEDE /* URL+Extension.swift */,
				0E18B6F629CFB9E10003CEDE /* Data+Extension.swift */,
				0E18B70529D04A1D0003CEDE /* UICollectionView+Extension.swift */,
				0E18B70729D04A4E0003CEDE /* UITableView+Extension.swift */,
			);
			path = Extension;
			sourceTree = "<group>";
		};
/* End PBXGroup section */

/* Begin PBXNativeTarget section */
		0E05641A29CE46EE00791430 /* Dictionary */ = {
			isa = PBXNativeTarget;
			buildConfigurationList = 0E05642F29CE46EF00791430 /* Build configuration list for PBXNativeTarget "Dictionary" */;
			buildPhases = (
				0E05641729CE46EE00791430 /* Sources */,
				0E05641829CE46EE00791430 /* Frameworks */,
				0E05641929CE46EE00791430 /* Resources */,
			);
			buildRules = (
			);
			dependencies = (
			);
			name = Dictionary;
			productName = Dictionary;
			productReference = 0E05641B29CE46EE00791430 /* Dictionary.app */;
			productType = "com.apple.product-type.application";
		};
/* End PBXNativeTarget section */

/* Begin PBXProject section */
		0E05641329CE46EE00791430 /* Project object */ = {
			isa = PBXProject;
			attributes = {
				BuildIndependentTargetsInParallel = 1;
				LastSwiftUpdateCheck = 1400;
				LastUpgradeCheck = 1400;
				TargetAttributes = {
					0E05641A29CE46EE00791430 = {
						CreatedOnToolsVersion = 14.0.1;
					};
				};
			};
			buildConfigurationList = 0E05641629CE46EE00791430 /* Build configuration list for PBXProject "Dictionary" */;
			compatibilityVersion = "Xcode 14.0";
			developmentRegion = en;
			hasScannedForEncodings = 0;
			knownRegions = (
				en,
				Base,
			);
			mainGroup = 0E05641229CE46EE00791430;
			productRefGroup = 0E05641C29CE46EE00791430 /* Products */;
			projectDirPath = "";
			projectRoot = "";
			targets = (
				0E05641A29CE46EE00791430 /* Dictionary */,
			);
		};
/* End PBXProject section */

/* Begin PBXResourcesBuildPhase section */
		0E05641929CE46EE00791430 /* Resources */ = {
			isa = PBXResourcesBuildPhase;
			buildActionMask = 2147483647;
			files = (
				0E18B70429D000540003CEDE /* SynonymCollectionViewCell.xib in Resources */,
				0E05642B29CE46EF00791430 /* LaunchScreen.storyboard in Resources */,
				0EE4806929CF54CF00C3E68C /* SynonymTableViewCell.xib in Resources */,
				0E05642829CE46EF00791430 /* Assets.xcassets in Resources */,
				0EE4805F29CF36C700C3E68C /* DetailTableViewCell.xib in Resources */,
				0E05642629CE46EE00791430 /* Main.storyboard in Resources */,
			);
			runOnlyForDeploymentPostprocessing = 0;
		};
/* End PBXResourcesBuildPhase section */

/* Begin PBXSourcesBuildPhase section */
		0E05641729CE46EE00791430 /* Sources */ = {
			isa = PBXSourcesBuildPhase;
			buildActionMask = 2147483647;
			files = (
				0E18B6F129CFA3B00003CEDE /* SearchViewModel.swift in Sources */,
				0E18B6F729CFB9E10003CEDE /* Data+Extension.swift in Sources */,
				0E18B70829D04A4E0003CEDE /* UITableView+Extension.swift in Sources */,
				0EE4807129CF89D500C3E68C /* Constant.swift in Sources */,
				0E18B6EF29CFA1E40003CEDE /* DataContainer.swift in Sources */,
				0E05642329CE46EE00791430 /* SearchViewController.swift in Sources */,
				0EE4806829CF54CF00C3E68C /* SynonymTableViewCell.swift in Sources */,
				0E05641F29CE46EE00791430 /* AppDelegate.swift in Sources */,
				0E05642129CE46EE00791430 /* SceneDelegate.swift in Sources */,
				0E18B6F529CFB9B00003CEDE /* URL+Extension.swift in Sources */,
				0E18B70329D000540003CEDE /* SynonymCollectionViewCell.swift in Sources */,
				0E18B6FA29CFBA320003CEDE /* NetworkService.swift in Sources */,
				0E18B6F329CFAA0F0003CEDE /* RecentSearchTableViewCell.swift in Sources */,
				0E18B70029CFBDA00003CEDE /* DetailModel.swift in Sources */,
				0E18B6FE29CFBD8D0003CEDE /* SynonymModel.swift in Sources */,
				0EE4805E29CF36C700C3E68C /* DetailTableViewCell.swift in Sources */,
				0E18B70629D04A1D0003CEDE /* UICollectionView+Extension.swift in Sources */,
				0EE4805929CF0E9E00C3E68C /* DetailViewController.swift in Sources */,
				0EE4807429CF8C3B00C3E68C /* UIColor+Extension.swift in Sources */,
				0E18B6FC29CFBCC20003CEDE /* DetailViewModel.swift in Sources */,
			);
			runOnlyForDeploymentPostprocessing = 0;
		};
/* End PBXSourcesBuildPhase section */

/* Begin PBXVariantGroup section */
		0E05642429CE46EE00791430 /* Main.storyboard */ = {
			isa = PBXVariantGroup;
			children = (
				0E05642529CE46EE00791430 /* Base */,
			);
			name = Main.storyboard;
			sourceTree = "<group>";
		};
		0E05642929CE46EF00791430 /* LaunchScreen.storyboard */ = {
			isa = PBXVariantGroup;
			children = (
				0E05642A29CE46EF00791430 /* Base */,
			);
			name = LaunchScreen.storyboard;
			sourceTree = "<group>";
		};
/* End PBXVariantGroup section */

/* Begin XCBuildConfiguration section */
		0E05642D29CE46EF00791430 /* Debug */ = {
			isa = XCBuildConfiguration;
			buildSettings = {
				ALWAYS_SEARCH_USER_PATHS = NO;
				CLANG_ANALYZER_NONNULL = YES;
				CLANG_ANALYZER_NUMBER_OBJECT_CONVERSION = YES_AGGRESSIVE;
				CLANG_CXX_LANGUAGE_STANDARD = "gnu++20";
				CLANG_ENABLE_MODULES = YES;
				CLANG_ENABLE_OBJC_ARC = YES;
				CLANG_ENABLE_OBJC_WEAK = YES;
				CLANG_WARN_BLOCK_CAPTURE_AUTORELEASING = YES;
				CLANG_WARN_BOOL_CONVERSION = YES;
				CLANG_WARN_COMMA = YES;
				CLANG_WARN_CONSTANT_CONVERSION = YES;
				CLANG_WARN_DEPRECATED_OBJC_IMPLEMENTATIONS = YES;
				CLANG_WARN_DIRECT_OBJC_ISA_USAGE = YES_ERROR;
				CLANG_WARN_DOCUMENTATION_COMMENTS = YES;
				CLANG_WARN_EMPTY_BODY = YES;
				CLANG_WARN_ENUM_CONVERSION = YES;
				CLANG_WARN_INFINITE_RECURSION = YES;
				CLANG_WARN_INT_CONVERSION = YES;
				CLANG_WARN_NON_LITERAL_NULL_CONVERSION = YES;
				CLANG_WARN_OBJC_IMPLICIT_RETAIN_SELF = YES;
				CLANG_WARN_OBJC_LITERAL_CONVERSION = YES;
				CLANG_WARN_OBJC_ROOT_CLASS = YES_ERROR;
				CLANG_WARN_QUOTED_INCLUDE_IN_FRAMEWORK_HEADER = YES;
				CLANG_WARN_RANGE_LOOP_ANALYSIS = YES;
				CLANG_WARN_STRICT_PROTOTYPES = YES;
				CLANG_WARN_SUSPICIOUS_MOVE = YES;
				CLANG_WARN_UNGUARDED_AVAILABILITY = YES_AGGRESSIVE;
				CLANG_WARN_UNREACHABLE_CODE = YES;
				CLANG_WARN__DUPLICATE_METHOD_MATCH = YES;
				COPY_PHASE_STRIP = NO;
				DEBUG_INFORMATION_FORMAT = dwarf;
				ENABLE_STRICT_OBJC_MSGSEND = YES;
				ENABLE_TESTABILITY = YES;
				GCC_C_LANGUAGE_STANDARD = gnu11;
				GCC_DYNAMIC_NO_PIC = NO;
				GCC_NO_COMMON_BLOCKS = YES;
				GCC_OPTIMIZATION_LEVEL = 0;
				GCC_PREPROCESSOR_DEFINITIONS = (
					"DEBUG=1",
					"$(inherited)",
				);
				GCC_WARN_64_TO_32_BIT_CONVERSION = YES;
				GCC_WARN_ABOUT_RETURN_TYPE = YES_ERROR;
				GCC_WARN_UNDECLARED_SELECTOR = YES;
				GCC_WARN_UNINITIALIZED_AUTOS = YES_AGGRESSIVE;
				GCC_WARN_UNUSED_FUNCTION = YES;
				GCC_WARN_UNUSED_VARIABLE = YES;
				IPHONEOS_DEPLOYMENT_TARGET = 16.0;
				MTL_ENABLE_DEBUG_INFO = INCLUDE_SOURCE;
				MTL_FAST_MATH = YES;
				ONLY_ACTIVE_ARCH = YES;
				SDKROOT = iphoneos;
				SWIFT_ACTIVE_COMPILATION_CONDITIONS = DEBUG;
				SWIFT_OPTIMIZATION_LEVEL = "-Onone";
			};
			name = Debug;
		};
		0E05642E29CE46EF00791430 /* Release */ = {
			isa = XCBuildConfiguration;
			buildSettings = {
				ALWAYS_SEARCH_USER_PATHS = NO;
				CLANG_ANALYZER_NONNULL = YES;
				CLANG_ANALYZER_NUMBER_OBJECT_CONVERSION = YES_AGGRESSIVE;
				CLANG_CXX_LANGUAGE_STANDARD = "gnu++20";
				CLANG_ENABLE_MODULES = YES;
				CLANG_ENABLE_OBJC_ARC = YES;
				CLANG_ENABLE_OBJC_WEAK = YES;
				CLANG_WARN_BLOCK_CAPTURE_AUTORELEASING = YES;
				CLANG_WARN_BOOL_CONVERSION = YES;
				CLANG_WARN_COMMA = YES;
				CLANG_WARN_CONSTANT_CONVERSION = YES;
				CLANG_WARN_DEPRECATED_OBJC_IMPLEMENTATIONS = YES;
				CLANG_WARN_DIRECT_OBJC_ISA_USAGE = YES_ERROR;
				CLANG_WARN_DOCUMENTATION_COMMENTS = YES;
				CLANG_WARN_EMPTY_BODY = YES;
				CLANG_WARN_ENUM_CONVERSION = YES;
				CLANG_WARN_INFINITE_RECURSION = YES;
				CLANG_WARN_INT_CONVERSION = YES;
				CLANG_WARN_NON_LITERAL_NULL_CONVERSION = YES;
				CLANG_WARN_OBJC_IMPLICIT_RETAIN_SELF = YES;
				CLANG_WARN_OBJC_LITERAL_CONVERSION = YES;
				CLANG_WARN_OBJC_ROOT_CLASS = YES_ERROR;
				CLANG_WARN_QUOTED_INCLUDE_IN_FRAMEWORK_HEADER = YES;
				CLANG_WARN_RANGE_LOOP_ANALYSIS = YES;
				CLANG_WARN_STRICT_PROTOTYPES = YES;
				CLANG_WARN_SUSPICIOUS_MOVE = YES;
				CLANG_WARN_UNGUARDED_AVAILABILITY = YES_AGGRESSIVE;
				CLANG_WARN_UNREACHABLE_CODE = YES;
				CLANG_WARN__DUPLICATE_METHOD_MATCH = YES;
				COPY_PHASE_STRIP = NO;
				DEBUG_INFORMATION_FORMAT = "dwarf-with-dsym";
				ENABLE_NS_ASSERTIONS = NO;
				ENABLE_STRICT_OBJC_MSGSEND = YES;
				GCC_C_LANGUAGE_STANDARD = gnu11;
				GCC_NO_COMMON_BLOCKS = YES;
				GCC_WARN_64_TO_32_BIT_CONVERSION = YES;
				GCC_WARN_ABOUT_RETURN_TYPE = YES_ERROR;
				GCC_WARN_UNDECLARED_SELECTOR = YES;
				GCC_WARN_UNINITIALIZED_AUTOS = YES_AGGRESSIVE;
				GCC_WARN_UNUSED_FUNCTION = YES;
				GCC_WARN_UNUSED_VARIABLE = YES;
				IPHONEOS_DEPLOYMENT_TARGET = 16.0;
				MTL_ENABLE_DEBUG_INFO = NO;
				MTL_FAST_MATH = YES;
				SDKROOT = iphoneos;
				SWIFT_COMPILATION_MODE = wholemodule;
				SWIFT_OPTIMIZATION_LEVEL = "-O";
				VALIDATE_PRODUCT = YES;
			};
			name = Release;
		};
		0E05643029CE46EF00791430 /* Debug */ = {
			isa = XCBuildConfiguration;
			buildSettings = {
				ASSETCATALOG_COMPILER_APPICON_NAME = AppIcon;
				ASSETCATALOG_COMPILER_GLOBAL_ACCENT_COLOR_NAME = AccentColor;
				CODE_SIGN_STYLE = Automatic;
				CURRENT_PROJECT_VERSION = 1;
				GENERATE_INFOPLIST_FILE = YES;
				INFOPLIST_FILE = Dictionary/Info.plist;
				INFOPLIST_KEY_UIApplicationSupportsIndirectInputEvents = YES;
				INFOPLIST_KEY_UILaunchStoryboardName = LaunchScreen;
				INFOPLIST_KEY_UIMainStoryboardFile = Main;
				INFOPLIST_KEY_UISupportedInterfaceOrientations_iPad = "UIInterfaceOrientationPortrait UIInterfaceOrientationPortraitUpsideDown UIInterfaceOrientationLandscapeLeft UIInterfaceOrientationLandscapeRight";
				INFOPLIST_KEY_UISupportedInterfaceOrientations_iPhone = "UIInterfaceOrientationPortrait UIInterfaceOrientationLandscapeLeft UIInterfaceOrientationLandscapeRight";
				LD_RUNPATH_SEARCH_PATHS = (
					"$(inherited)",
					"@executable_path/Frameworks",
				);
				MARKETING_VERSION = 1.0;
				PRODUCT_BUNDLE_IDENTIFIER = su.Dictionary;
				PRODUCT_NAME = "$(TARGET_NAME)";
				SWIFT_EMIT_LOC_STRINGS = YES;
				SWIFT_VERSION = 5.0;
				TARGETED_DEVICE_FAMILY = "1,2";
			};
			name = Debug;
		};
		0E05643129CE46EF00791430 /* Release */ = {
			isa = XCBuildConfiguration;
			buildSettings = {
				ASSETCATALOG_COMPILER_APPICON_NAME = AppIcon;
				ASSETCATALOG_COMPILER_GLOBAL_ACCENT_COLOR_NAME = AccentColor;
				CODE_SIGN_STYLE = Automatic;
				CURRENT_PROJECT_VERSION = 1;
				GENERATE_INFOPLIST_FILE = YES;
				INFOPLIST_FILE = Dictionary/Info.plist;
				INFOPLIST_KEY_UIApplicationSupportsIndirectInputEvents = YES;
				INFOPLIST_KEY_UILaunchStoryboardName = LaunchScreen;
				INFOPLIST_KEY_UIMainStoryboardFile = Main;
				INFOPLIST_KEY_UISupportedInterfaceOrientations_iPad = "UIInterfaceOrientationPortrait UIInterfaceOrientationPortraitUpsideDown UIInterfaceOrientationLandscapeLeft UIInterfaceOrientationLandscapeRight";
				INFOPLIST_KEY_UISupportedInterfaceOrientations_iPhone = "UIInterfaceOrientationPortrait UIInterfaceOrientationLandscapeLeft UIInterfaceOrientationLandscapeRight";
				LD_RUNPATH_SEARCH_PATHS = (
					"$(inherited)",
					"@executable_path/Frameworks",
				);
				MARKETING_VERSION = 1.0;
				PRODUCT_BUNDLE_IDENTIFIER = su.Dictionary;
				PRODUCT_NAME = "$(TARGET_NAME)";
				SWIFT_EMIT_LOC_STRINGS = YES;
				SWIFT_VERSION = 5.0;
				TARGETED_DEVICE_FAMILY = "1,2";
			};
			name = Release;
		};
/* End XCBuildConfiguration section */

/* Begin XCConfigurationList section */
		0E05641629CE46EE00791430 /* Build configuration list for PBXProject "Dictionary" */ = {
			isa = XCConfigurationList;
			buildConfigurations = (
				0E05642D29CE46EF00791430 /* Debug */,
				0E05642E29CE46EF00791430 /* Release */,
			);
			defaultConfigurationIsVisible = 0;
			defaultConfigurationName = Release;
		};
		0E05642F29CE46EF00791430 /* Build configuration list for PBXNativeTarget "Dictionary" */ = {
			isa = XCConfigurationList;
			buildConfigurations = (
				0E05643029CE46EF00791430 /* Debug */,
				0E05643129CE46EF00791430 /* Release */,
			);
			defaultConfigurationIsVisible = 0;
			defaultConfigurationName = Release;
		};
/* End XCConfigurationList section */
	};
	rootObject = 0E05641329CE46EE00791430 /* Project object */;
}
